// !$*UTF8*$!
{
	archiveVersion = 1;
	classes = {
	};
	objectVersion = 50;
	objects = {

/* Begin PBXBuildFile section */
		A536D005260ADFC400BA9070 /* AppDelegate.swift in Sources */ = {isa = PBXBuildFile; fileRef = A536D004260ADFC400BA9070 /* AppDelegate.swift */; };
		A536D007260ADFC400BA9070 /* SceneDelegate.swift in Sources */ = {isa = PBXBuildFile; fileRef = A536D006260ADFC400BA9070 /* SceneDelegate.swift */; };
		A536D00C260ADFC400BA9070 /* Main.storyboard in Resources */ = {isa = PBXBuildFile; fileRef = A536D00A260ADFC400BA9070 /* Main.storyboard */; };
		A536D00E260ADFC600BA9070 /* Assets.xcassets in Resources */ = {isa = PBXBuildFile; fileRef = A536D00D260ADFC600BA9070 /* Assets.xcassets */; };
		A536D011260ADFC600BA9070 /* LaunchScreen.storyboard in Resources */ = {isa = PBXBuildFile; fileRef = A536D00F260ADFC600BA9070 /* LaunchScreen.storyboard */; };
		A536D019260AE10700BA9070 /* BountyViewController.swift in Sources */ = {isa = PBXBuildFile; fileRef = A536D018260AE10700BA9070 /* BountyViewController.swift */; };
		A55B172A260AFA7300749BB4 /* DetailViewController.swift in Sources */ = {isa = PBXBuildFile; fileRef = A55B1729260AFA7300749BB4 /* DetailViewController.swift */; };
/* End PBXBuildFile section */

/* Begin PBXFileReference section */
		A536D001260ADFC400BA9070 /* ch9_BountyList.app */ = {isa = PBXFileReference; explicitFileType = wrapper.application; includeInIndex = 0; path = ch9_BountyList.app; sourceTree = BUILT_PRODUCTS_DIR; };
		A536D004260ADFC400BA9070 /* AppDelegate.swift */ = {isa = PBXFileReference; lastKnownFileType = sourcecode.swift; path = AppDelegate.swift; sourceTree = "<group>"; };
		A536D006260ADFC400BA9070 /* SceneDelegate.swift */ = {isa = PBXFileReference; lastKnownFileType = sourcecode.swift; path = SceneDelegate.swift; sourceTree = "<group>"; };
		A536D00B260ADFC400BA9070 /* Base */ = {isa = PBXFileReference; lastKnownFileType = file.storyboard; name = Base; path = Base.lproj/Main.storyboard; sourceTree = "<group>"; };
		A536D00D260ADFC600BA9070 /* Assets.xcassets */ = {isa = PBXFileReference; lastKnownFileType = folder.assetcatalog; path = Assets.xcassets; sourceTree = "<group>"; };
		A536D010260ADFC600BA9070 /* Base */ = {isa = PBXFileReference; lastKnownFileType = file.storyboard; name = Base; path = Base.lproj/LaunchScreen.storyboard; sourceTree = "<group>"; };
		A536D012260ADFC600BA9070 /* Info.plist */ = {isa = PBXFileReference; lastKnownFileType = text.plist.xml; path = Info.plist; sourceTree = "<group>"; };
		A536D018260AE10700BA9070 /* BountyViewController.swift */ = {isa = PBXFileReference; lastKnownFileType = sourcecode.swift; path = BountyViewController.swift; sourceTree = "<group>"; };
		A55B1729260AFA7300749BB4 /* DetailViewController.swift */ = {isa = PBXFileReference; lastKnownFileType = sourcecode.swift; path = DetailViewController.swift; sourceTree = "<group>"; };
/* End PBXFileReference section */

/* Begin PBXFrameworksBuildPhase section */
		A536CFFE260ADFC400BA9070 /* Frameworks */ = {
			isa = PBXFrameworksBuildPhase;
			buildActionMask = 2147483647;
			files = (
			);
			runOnlyForDeploymentPostprocessing = 0;
		};
/* End PBXFrameworksBuildPhase section */

/* Begin PBXGroup section */
		A536CFF8260ADFC400BA9070 = {
			isa = PBXGroup;
			children = (
				A536D003260ADFC400BA9070 /* ch9_OnePiece */,
				A536D002260ADFC400BA9070 /* Products */,
			);
			sourceTree = "<group>";
		};
		A536D002260ADFC400BA9070 /* Products */ = {
			isa = PBXGroup;
			children = (
				A536D001260ADFC400BA9070 /* ch9_BountyList.app */,
			);
			name = Products;
			sourceTree = "<group>";
		};
		A536D003260ADFC400BA9070 /* ch9_OnePiece */ = {
			isa = PBXGroup;
			children = (
				A536D004260ADFC400BA9070 /* AppDelegate.swift */,
				A536D006260ADFC400BA9070 /* SceneDelegate.swift */,
				A536D00A260ADFC400BA9070 /* Main.storyboard */,
				A55B1729260AFA7300749BB4 /* DetailViewController.swift */,
				A536D018260AE10700BA9070 /* BountyViewController.swift */,
				A536D00D260ADFC600BA9070 /* Assets.xcassets */,
				A536D00F260ADFC600BA9070 /* LaunchScreen.storyboard */,
				A536D012260ADFC600BA9070 /* Info.plist */,
			);
			path = ch9_OnePiece;
			sourceTree = "<group>";
		};
/* End PBXGroup section */

/* Begin PBXNativeTarget section */
		A536D000260ADFC400BA9070 /* ch9_OnePiece */ = {
			isa = PBXNativeTarget;
			buildConfigurationList = A536D015260ADFC600BA9070 /* Build configuration list for PBXNativeTarget "ch9_OnePiece" */;
			buildPhases = (
				A536CFFD260ADFC400BA9070 /* Sources */,
				A536CFFE260ADFC400BA9070 /* Frameworks */,
				A536CFFF260ADFC400BA9070 /* Resources */,
			);
			buildRules = (
			);
			dependencies = (
			);
			name = ch9_OnePiece;
			productName = ch9_OnePiece;
			productReference = A536D001260ADFC400BA9070 /* ch9_BountyList.app */;
			productType = "com.apple.product-type.application";
		};
/* End PBXNativeTarget section */

/* Begin PBXProject section */
		A536CFF9260ADFC400BA9070 /* Project object */ = {
			isa = PBXProject;
			attributes = {
				LastSwiftUpdateCheck = 1170;
				LastUpgradeCheck = 1170;
				ORGANIZATIONNAME = hyeon;
				TargetAttributes = {
					A536D000260ADFC400BA9070 = {
						CreatedOnToolsVersion = 11.7;
					};
				};
			};
			buildConfigurationList = A536CFFC260ADFC400BA9070 /* Build configuration list for PBXProject "ch9_OnePiece" */;
			compatibilityVersion = "Xcode 9.3";
			developmentRegion = en;
			hasScannedForEncodings = 0;
			knownRegions = (
				en,
				Base,
			);
			mainGroup = A536CFF8260ADFC400BA9070;
			productRefGroup = A536D002260ADFC400BA9070 /* Products */;
			projectDirPath = "";
			projectRoot = "";
			targets = (
				A536D000260ADFC400BA9070 /* ch9_OnePiece */,
			);
		};
/* End PBXProject section */

/* Begin PBXResourcesBuildPhase section */
		A536CFFF260ADFC400BA9070 /* Resources */ = {
			isa = PBXResourcesBuildPhase;
			buildActionMask = 2147483647;
			files = (
				A536D011260ADFC600BA9070 /* LaunchScreen.storyboard in Resources */,
				A536D00E260ADFC600BA9070 /* Assets.xcassets in Resources */,
				A536D00C260ADFC400BA9070 /* Main.storyboard in Resources */,
			);
			runOnlyForDeploymentPostprocessing = 0;
		};
/* End PBXResourcesBuildPhase section */

/* Begin PBXSourcesBuildPhase section */
		A536CFFD260ADFC400BA9070 /* Sources */ = {
			isa = PBXSourcesBuildPhase;
			buildActionMask = 2147483647;
			files = (
				A536D005260ADFC400BA9070 /* AppDelegate.swift in Sources */,
				A536D019260AE10700BA9070 /* BountyViewController.swift in Sources */,
				A536D007260ADFC400BA9070 /* SceneDelegate.swift in Sources */,
				A55B172A260AFA7300749BB4 /* DetailViewController.swift in Sources */,
			);
			runOnlyForDeploymentPostprocessing = 0;
		};
/* End PBXSourcesBuildPhase section */

/* Begin PBXVariantGroup section */
		A536D00A260ADFC400BA9070 /* Main.storyboard */ = {
			isa = PBXVariantGroup;
			children = (
				A536D00B260ADFC400BA9070 /* Base */,
			);
			name = Main.storyboard;
			sourceTree = "<group>";
		};
		A536D00F260ADFC600BA9070 /* LaunchScreen.storyboard */ = {
			isa = PBXVariantGroup;
			children = (
				A536D010260ADFC600BA9070 /* Base */,
			);
			name = LaunchScreen.storyboard;
			sourceTree = "<group>";
		};
/* End PBXVariantGroup section */

/* Begin XCBuildConfiguration section */
		A536D013260ADFC600BA9070 /* Debug */ = {
			isa = XCBuildConfiguration;
			buildSettings = {
				ALWAYS_SEARCH_USER_PATHS = NO;
				CLANG_ANALYZER_NONNULL = YES;
				CLANG_ANALYZER_NUMBER_OBJECT_CONVERSION = YES_AGGRESSIVE;
				CLANG_CXX_LANGUAGE_STANDARD = "gnu++14";
				CLANG_CXX_LIBRARY = "libc++";
				CLANG_ENABLE_MODULES = YES;
				CLANG_ENABLE_OBJC_ARC = YES;
				CLANG_ENABLE_OBJC_WEAK = YES;
				CLANG_WARN_BLOCK_CAPTURE_AUTORELEASING = YES;
				CLANG_WARN_BOOL_CONVERSION = YES;
				CLANG_WARN_COMMA = YES;
				CLANG_WARN_CONSTANT_CONVERSION = YES;
				CLANG_WARN_DEPRECATED_OBJC_IMPLEMENTATIONS = YES;
				CLANG_WARN_DIRECT_OBJC_ISA_USAGE = YES_ERROR;
				CLANG_WARN_DOCUMENTATION_COMMENTS = YES;
				CLANG_WARN_EMPTY_BODY = YES;
				CLANG_WARN_ENUM_CONVERSION = YES;
				CLANG_WARN_INFINITE_RECURSION = YES;
				CLANG_WARN_INT_CONVERSION = YES;
				CLANG_WARN_NON_LITERAL_NULL_CONVERSION = YES;
				CLANG_WARN_OBJC_IMPLICIT_RETAIN_SELF = YES;
				CLANG_WARN_OBJC_LITERAL_CONVERSION = YES;
				CLANG_WARN_OBJC_ROOT_CLASS = YES_ERROR;
				CLANG_WARN_RANGE_LOOP_ANALYSIS = YES;
				CLANG_WARN_STRICT_PROTOTYPES = YES;
				CLANG_WARN_SUSPICIOUS_MOVE = YES;
				CLANG_WARN_UNGUARDED_AVAILABILITY = YES_AGGRESSIVE;
				CLANG_WARN_UNREACHABLE_CODE = YES;
				CLANG_WARN__DUPLICATE_METHOD_MATCH = YES;
				COPY_PHASE_STRIP = NO;
				DEBUG_INFORMATION_FORMAT = dwarf;
				ENABLE_STRICT_OBJC_MSGSEND = YES;
				ENABLE_TESTABILITY = YES;
				GCC_C_LANGUAGE_STANDARD = gnu11;
				GCC_DYNAMIC_NO_PIC = NO;
				GCC_NO_COMMON_BLOCKS = YES;
				GCC_OPTIMIZATION_LEVEL = 0;
				GCC_PREPROCESSOR_DEFINITIONS = (
					"DEBUG=1",
					"$(inherited)",
				);
				GCC_WARN_64_TO_32_BIT_CONVERSION = YES;
				GCC_WARN_ABOUT_RETURN_TYPE = YES_ERROR;
				GCC_WARN_UNDECLARED_SELECTOR = YES;
				GCC_WARN_UNINITIALIZED_AUTOS = YES_AGGRESSIVE;
				GCC_WARN_UNUSED_FUNCTION = YES;
				GCC_WARN_UNUSED_VARIABLE = YES;
				IPHONEOS_DEPLOYMENT_TARGET = 13.7;
				MTL_ENABLE_DEBUG_INFO = INCLUDE_SOURCE;
				MTL_FAST_MATH = YES;
				ONLY_ACTIVE_ARCH = YES;
				SDKROOT = iphoneos;
				SWIFT_ACTIVE_COMPILATION_CONDITIONS = DEBUG;
				SWIFT_OPTIMIZATION_LEVEL = "-Onone";
			};
			name = Debug;
		};
		A536D014260ADFC600BA9070 /* Release */ = {
			isa = XCBuildConfiguration;
			buildSettings = {
				ALWAYS_SEARCH_USER_PATHS = NO;
				CLANG_ANALYZER_NONNULL = YES;
				CLANG_ANALYZER_NUMBER_OBJECT_CONVERSION = YES_AGGRESSIVE;
				CLANG_CXX_LANGUAGE_STANDARD = "gnu++14";
				CLANG_CXX_LIBRARY = "libc++";
				CLANG_ENABLE_MODULES = YES;
				CLANG_ENABLE_OBJC_ARC = YES;
				CLANG_ENABLE_OBJC_WEAK = YES;
				CLANG_WARN_BLOCK_CAPTURE_AUTORELEASING = YES;
				CLANG_WARN_BOOL_CONVERSION = YES;
				CLANG_WARN_COMMA = YES;
				CLANG_WARN_CONSTANT_CONVERSION = YES;
				CLANG_WARN_DEPRECATED_OBJC_IMPLEMENTATIONS = YES;
				CLANG_WARN_DIRECT_OBJC_ISA_USAGE = YES_ERROR;
				CLANG_WARN_DOCUMENTATION_COMMENTS = YES;
				CLANG_WARN_EMPTY_BODY = YES;
				CLANG_WARN_ENUM_CONVERSION = YES;
				CLANG_WARN_INFINITE_RECURSION = YES;
				CLANG_WARN_INT_CONVERSION = YES;
				CLANG_WARN_NON_LITERAL_NULL_CONVERSION = YES;
				CLANG_WARN_OBJC_IMPLICIT_RETAIN_SELF = YES;
				CLANG_WARN_OBJC_LITERAL_CONVERSION = YES;
				CLANG_WARN_OBJC_ROOT_CLASS = YES_ERROR;
				CLANG_WARN_RANGE_LOOP_ANALYSIS = YES;
				CLANG_WARN_STRICT_PROTOTYPES = YES;
				CLANG_WARN_SUSPICIOUS_MOVE = YES;
				CLANG_WARN_UNGUARDED_AVAILABILITY = YES_AGGRESSIVE;
				CLANG_WARN_UNREACHABLE_CODE = YES;
				CLANG_WARN__DUPLICATE_METHOD_MATCH = YES;
				COPY_PHASE_STRIP = NO;
				DEBUG_INFORMATION_FORMAT = "dwarf-with-dsym";
				ENABLE_NS_ASSERTIONS = NO;
				ENABLE_STRICT_OBJC_MSGSEND = YES;
				GCC_C_LANGUAGE_STANDARD = gnu11;
				GCC_NO_COMMON_BLOCKS = YES;
				GCC_WARN_64_TO_32_BIT_CONVERSION = YES;
				GCC_WARN_ABOUT_RETURN_TYPE = YES_ERROR;
				GCC_WARN_UNDECLARED_SELECTOR = YES;
				GCC_WARN_UNINITIALIZED_AUTOS = YES_AGGRESSIVE;
				GCC_WARN_UNUSED_FUNCTION = YES;
				GCC_WARN_UNUSED_VARIABLE = YES;
				IPHONEOS_DEPLOYMENT_TARGET = 13.7;
				MTL_ENABLE_DEBUG_INFO = NO;
				MTL_FAST_MATH = YES;
				SDKROOT = iphoneos;
				SWIFT_COMPILATION_MODE = wholemodule;
				SWIFT_OPTIMIZATION_LEVEL = "-O";
				VALIDATE_PRODUCT = YES;
			};
			name = Release;
		};
		A536D016260ADFC600BA9070 /* Debug */ = {
			isa = XCBuildConfiguration;
			buildSettings = {
				ASSETCATALOG_COMPILER_APPICON_NAME = AppIcon;
				CODE_SIGN_STYLE = Automatic;
				INFOPLIST_FILE = ch9_OnePiece/Info.plist;
				LD_RUNPATH_SEARCH_PATHS = (
					"$(inherited)",
					"@executable_path/Frameworks",
				);
				PRODUCT_BUNDLE_IDENTIFIER = "hyeon.ch9-OnePiece";
				PRODUCT_NAME = ch9_BountyList;
				SWIFT_VERSION = 5.0;
				TARGETED_DEVICE_FAMILY = "1,2";
			};
			name = Debug;
		};
		A536D017260ADFC600BA9070 /* Release */ = {
			isa = XCBuildConfiguration;
			buildSettings = {
				ASSETCATALOG_COMPILER_APPICON_NAME = AppIcon;
				CODE_SIGN_STYLE = Automatic;
				INFOPLIST_FILE = ch9_OnePiece/Info.plist;
				LD_RUNPATH_SEARCH_PATHS = (
					"$(inherited)",
					"@executable_path/Frameworks",
				);
				PRODUCT_BUNDLE_IDENTIFIER = "hyeon.ch9-OnePiece";
				PRODUCT_NAME = ch9_BountyList;
				SWIFT_VERSION = 5.0;
				TARGETED_DEVICE_FAMILY = "1,2";
			};
			name = Release;
		};
/* End XCBuildConfiguration section */

/* Begin XCConfigurationList section */
		A536CFFC260ADFC400BA9070 /* Build configuration list for PBXProject "ch9_OnePiece" */ = {
			isa = XCConfigurationList;
			buildConfigurations = (
				A536D013260ADFC600BA9070 /* Debug */,
				A536D014260ADFC600BA9070 /* Release */,
			);
			defaultConfigurationIsVisible = 0;
			defaultConfigurationName = Release;
		};
		A536D015260ADFC600BA9070 /* Build configuration list for PBXNativeTarget "ch9_OnePiece" */ = {
			isa = XCConfigurationList;
			buildConfigurations = (
				A536D016260ADFC600BA9070 /* Debug */,
				A536D017260ADFC600BA9070 /* Release */,
			);
			defaultConfigurationIsVisible = 0;
			defaultConfigurationName = Release;
		};
/* End XCConfigurationList section */
	};
	rootObject = A536CFF9260ADFC400BA9070 /* Project object */;
}
